
Microsoft Visual Studio Solution File, Format Version 12.00
# Visual Studio Version 17
VisualStudioVersion = 17.14.36127.28
MinimumVisualStudioVersion = 10.0.40219.1
Project("{FAE04EC0-301F-11D3-BF4B-00C04F79EFBC}") = "Chess.UI", "Chess.UI\Chess.UI.csproj", "{EC6D9098-CF75-42C4-A23C-360A76335583}"
EndProject
Project("{FAE04EC0-301F-11D3-BF4B-00C04F79EFBC}") = "Chess.Logic", "Chess.Logic\Chess.Logic.csproj", "{C568A1DF-0812-4285-AD32-98C92379E23D}"
EndProject
Project("{2150E333-8FDC-42A3-9474-1A3956D46DE8}") = "Éléments de solution", "Éléments de solution", "{9C8CB701-102D-CF49-A3E0-89AC09D42C2C}"
	ProjectSection(SolutionItems) = preProject
		.editorconfig = .editorconfig
	EndProjectSection
EndProject
Global
	GlobalSection(SolutionConfigurationPlatforms) = preSolution
		Debug|Any CPU = Debug|Any CPU
		Release|Any CPU = Release|Any CPU
	EndGlobalSection
	GlobalSection(ProjectConfigurationPlatforms) = postSolution
		{EC6D9098-CF75-42C4-A23C-360A76335583}.Debug|Any CPU.ActiveCfg = Debug|Any CPU
		{EC6D9098-CF75-42C4-A23C-360A76335583}.Debug|Any CPU.Build.0 = Debug|Any CPU
		{EC6D9098-CF75-42C4-A23C-360A76335583}.Release|Any CPU.ActiveCfg = Release|Any CPU
		{EC6D9098-CF75-42C4-A23C-360A76335583}.Release|Any CPU.Build.0 = Release|Any CPU
		{C568A1DF-0812-4285-AD32-98C92379E23D}.Debug|Any CPU.ActiveCfg = Debug|Any CPU
		{C568A1DF-0812-4285-AD32-98C92379E23D}.Debug|Any CPU.Build.0 = Debug|Any CPU
		{C568A1DF-0812-4285-AD32-98C92379E23D}.Release|Any CPU.ActiveCfg = Release|Any CPU
		{C568A1DF-0812-4285-AD32-98C92379E23D}.Release|Any CPU.Build.0 = Release|Any CPU
	EndGlobalSection
	GlobalSection(SolutionProperties) = preSolution
		HideSolutionNode = FALSE
	EndGlobalSection
	GlobalSection(ExtensibilityGlobals) = postSolution
		SolutionGuid = {14C3FFAA-FE10-4D80-8A03-EA390D9DEF13}
	EndGlobalSection
EndGlobal
